
Microsoft Visual Studio Solution File, Format Version 12.00
# Visual Studio Version 17
VisualStudioVersion = 17.14.36408.4 d17.14
MinimumVisualStudioVersion = 10.0.40219.1
Project("{FAE04EC0-301F-11D3-BF4B-00C04F79EFBC}") = "praxe_desktop_client", "praxe_desktop_client.csproj", "{DEA7D170-F3DC-46C0-BDC6-361E80B4CDB9}"
EndProject
Global
	GlobalSection(SolutionConfigurationPlatforms) = preSolution
		Debug|Any CPU = Debug|Any CPU
		Release|Any CPU = Release|Any CPU
	EndGlobalSection
	GlobalSection(ProjectConfigurationPlatforms) = postSolution
		{DEA7D170-F3DC-46C0-BDC6-361E80B4CDB9}.Debug|Any CPU.ActiveCfg = Debug|Any CPU
		{DEA7D170-F3DC-46C0-BDC6-361E80B4CDB9}.Debug|Any CPU.Build.0 = Debug|Any CPU
		{DEA7D170-F3DC-46C0-BDC6-361E80B4CDB9}.Release|Any CPU.ActiveCfg = Release|Any CPU
		{DEA7D170-F3DC-46C0-BDC6-361E80B4CDB9}.Release|Any CPU.Build.0 = Release|Any CPU
	EndGlobalSection
	GlobalSection(SolutionProperties) = preSolution
		HideSolutionNode = FALSE
	EndGlobalSection
	GlobalSection(ExtensibilityGlobals) = postSolution
		SolutionGuid = {8CB78EC6-06EC-4B19-9163-868323C05B43}
	EndGlobalSection
EndGlobal
